<Solution>
  <Folder Name="/src/" />
  <Folder Name="/src/Services/" />
  <Folder Name="/src/Services/Inventory/">
    <Project Path="Aplication/Inventory.Application.csproj" />
    <Project Path="Domain/Inventory.Domain.csproj" />
    <Project Path="Persistence/Inventory.Persistence.csproj" />
    <Project Path="RLWarehouseAndInventory/Inventory.API.csproj" />
  </Folder>
</Solution>
